<?xml version="1.0" encoding="utf-8"?>
<Project ToolsVersion="4.0" xmlns="http://schemas.microsoft.com/developer/msbuild/2003">
  <ItemGroup>
    <ClCompile Include="..\..\..\..\Downloads\ConsoleApp1\ConsoleApp1\SPO2\spo2_algorithm.cpp" />
  </ItemGroup>
  <ItemGroup>
    <ClInclude Include="..\..\..\..\Downloads\ConsoleApp1\ConsoleApp1\SPO2\spo2_algorithm.h" />
  </ItemGroup>
</Project>